{
    "inputs": {
        "nixpkgs": {
            "inputs": {},
            "narHash": "sha256-QjPSmL1XDBwVYmYZuoLRK3TM+By2Tgz6ofL/ScV4lA0=",
            "originalUrl": "github:dguibert/nixpkgs/pu",
            "url": "github:dguibert/nixpkgs/c5edad7b1eec8f86f1fd16169a65084514065375"
        }
    },
    "version": 3
}
